Microsoft Visual Studio Solution File, Format Version 12.00
# Visual Studio Version 16
VisualStudioVersion = 16.0.31424.327
MinimumVisualStudioVersion = 10.0.40219.1
Project("{9A19103F-16F7-4668-BE54-9A1E7A4F7556}") = "Tipfeler.Core", "Tipfeler.Core\Tipfeler.Core.csproj", "{BF2738DD-C0FD-474D-AF4D-26333C3EDD76}"
EndProject
Project("{9A19103F-16F7-4668-BE54-9A1E7A4F7556}") = "Tipfeler.Engine", "Tipfeler.Engine\Tipfeler.Engine.csproj", "{44379F75-DC61-4E95-B9FC-9BD75AB731FC}"
EndProject
Project("{9A19103F-16F7-4668-BE54-9A1E7A4F7556}") = "Tipfeler.Test", "..\test\Tipfeler.Test\Tipfeler.Test.csproj", "{B0E5A531-718E-4029-8657-14BC5EA5B861}"
EndProject
Project("{9A19103F-16F7-4668-BE54-9A1E7A4F7556}") = "Tipfeler.Plugin", "Tipfeler.Plugin\Tipfeler.Plugin.csproj", "{7F43F4C9-CB0C-41BE-8759-875E80D1314D}"
EndProject
Project("{9A19103F-16F7-4668-BE54-9A1E7A4F7556}") = "Tipfeler.Plugin.Ping", "Tipfeler.Plugin.Ping\Tipfeler.Plugin.Ping.csproj", "{AF9E1806-A512-4422-B3C1-A97C5492CBAB}"
EndProject
Project("{9A19103F-16F7-4668-BE54-9A1E7A4F7556}") = "Tipfeler", "Tipfeler\Tipfeler.csproj", "{276D9C22-CBF0-41AB-B5DB-106FC212F392}"
EndProject
Project("{9A19103F-16F7-4668-BE54-9A1E7A4F7556}") = "Tipfeler.Gui", "Tipfeler.Gui\Tipfeler.Gui.csproj", "{C0F06A8A-8737-4E3D-9809-1BEA61E8CD05}"
EndProject
Global
	GlobalSection(SolutionConfigurationPlatforms) = preSolution
		Debug|Any CPU = Debug|Any CPU
		Release|Any CPU = Release|Any CPU
	EndGlobalSection
	GlobalSection(ProjectConfigurationPlatforms) = postSolution
		{BF2738DD-C0FD-474D-AF4D-26333C3EDD76}.Debug|Any CPU.ActiveCfg = Debug|Any CPU
		{BF2738DD-C0FD-474D-AF4D-26333C3EDD76}.Debug|Any CPU.Build.0 = Debug|Any CPU
		{BF2738DD-C0FD-474D-AF4D-26333C3EDD76}.Release|Any CPU.ActiveCfg = Release|Any CPU
		{BF2738DD-C0FD-474D-AF4D-26333C3EDD76}.Release|Any CPU.Build.0 = Release|Any CPU
		{44379F75-DC61-4E95-B9FC-9BD75AB731FC}.Debug|Any CPU.ActiveCfg = Debug|Any CPU
		{44379F75-DC61-4E95-B9FC-9BD75AB731FC}.Debug|Any CPU.Build.0 = Debug|Any CPU
		{44379F75-DC61-4E95-B9FC-9BD75AB731FC}.Release|Any CPU.ActiveCfg = Release|Any CPU
		{44379F75-DC61-4E95-B9FC-9BD75AB731FC}.Release|Any CPU.Build.0 = Release|Any CPU
		{B0E5A531-718E-4029-8657-14BC5EA5B861}.Debug|Any CPU.ActiveCfg = Debug|Any CPU
		{B0E5A531-718E-4029-8657-14BC5EA5B861}.Debug|Any CPU.Build.0 = Debug|Any CPU
		{B0E5A531-718E-4029-8657-14BC5EA5B861}.Release|Any CPU.ActiveCfg = Release|Any CPU
		{B0E5A531-718E-4029-8657-14BC5EA5B861}.Release|Any CPU.Build.0 = Release|Any CPU
		{7F43F4C9-CB0C-41BE-8759-875E80D1314D}.Debug|Any CPU.ActiveCfg = Debug|Any CPU
		{7F43F4C9-CB0C-41BE-8759-875E80D1314D}.Debug|Any CPU.Build.0 = Debug|Any CPU
		{7F43F4C9-CB0C-41BE-8759-875E80D1314D}.Release|Any CPU.ActiveCfg = Release|Any CPU
		{7F43F4C9-CB0C-41BE-8759-875E80D1314D}.Release|Any CPU.Build.0 = Release|Any CPU
		{AF9E1806-A512-4422-B3C1-A97C5492CBAB}.Debug|Any CPU.ActiveCfg = Debug|Any CPU
		{AF9E1806-A512-4422-B3C1-A97C5492CBAB}.Debug|Any CPU.Build.0 = Debug|Any CPU
		{AF9E1806-A512-4422-B3C1-A97C5492CBAB}.Release|Any CPU.ActiveCfg = Release|Any CPU
		{AF9E1806-A512-4422-B3C1-A97C5492CBAB}.Release|Any CPU.Build.0 = Release|Any CPU
		{276D9C22-CBF0-41AB-B5DB-106FC212F392}.Debug|Any CPU.ActiveCfg = Debug|Any CPU
		{276D9C22-CBF0-41AB-B5DB-106FC212F392}.Debug|Any CPU.Build.0 = Debug|Any CPU
		{276D9C22-CBF0-41AB-B5DB-106FC212F392}.Release|Any CPU.ActiveCfg = Release|Any CPU
		{276D9C22-CBF0-41AB-B5DB-106FC212F392}.Release|Any CPU.Build.0 = Release|Any CPU
		{C0F06A8A-8737-4E3D-9809-1BEA61E8CD05}.Debug|Any CPU.ActiveCfg = Debug|Any CPU
		{C0F06A8A-8737-4E3D-9809-1BEA61E8CD05}.Debug|Any CPU.Build.0 = Debug|Any CPU
		{C0F06A8A-8737-4E3D-9809-1BEA61E8CD05}.Release|Any CPU.ActiveCfg = Release|Any CPU
		{C0F06A8A-8737-4E3D-9809-1BEA61E8CD05}.Release|Any CPU.Build.0 = Release|Any CPU
	EndGlobalSection
	GlobalSection(SolutionProperties) = preSolution
		HideSolutionNode = FALSE
	EndGlobalSection
	GlobalSection(ExtensibilityGlobals) = postSolution
		SolutionGuid = {830C2D84-B15A-455B-8645-AA0F6EBBC2D5}
	EndGlobalSection
EndGlobal
